Microsoft Visual Studio Solution File, Format Version 12.00
# Visual Studio 14
Project("{8BC9CEB8-8B4A-11D0-8D11-00A0C91BC942}") = "ALL_BUILD", "ALL_BUILD.vcxproj", "{C4C3E025-D0A9-3BA0-B203-BE995D5B1A8E}"
	ProjectSection(ProjectDependencies) = postProject
		{2D5ECC10-F947-3CA2-A462-4A0909846F27} = {2D5ECC10-F947-3CA2-A462-4A0909846F27}
	EndProjectSection
EndProject
Project("{8BC9CEB8-8B4A-11D0-8D11-00A0C91BC942}") = "TriangleServer", "src\TriangleServer.vcxproj", "{56A062A1-FEAC-334C-A7FE-26EDC64A6904}"
	ProjectSection(ProjectDependencies) = postProject
		{0A8DD341-CE8C-3909-BD85-6C1B43E0C945} = {0A8DD341-CE8C-3909-BD85-6C1B43E0C945}
		{2D5ECC10-F947-3CA2-A462-4A0909846F27} = {2D5ECC10-F947-3CA2-A462-4A0909846F27}
	EndProjectSection
EndProject
Project("{8BC9CEB8-8B4A-11D0-8D11-00A0C91BC942}") = "TriangleServer-dbus", "gen\TriangleServer-dbus.vcxproj", "{EF38F4EE-7B41-3CDB-AF3B-7A492ADA1CC4}"
	ProjectSection(ProjectDependencies) = postProject
		{2D5ECC10-F947-3CA2-A462-4A0909846F27} = {2D5ECC10-F947-3CA2-A462-4A0909846F27}
	EndProjectSection
EndProject
Project("{8BC9CEB8-8B4A-11D0-8D11-00A0C91BC942}") = "TriangleServer_triangleServer_types_static_stub", "src-gen\TriangleServer_triangleServer_types_static_stub.vcxproj", "{0A8DD341-CE8C-3909-BD85-6C1B43E0C945}"
	ProjectSection(ProjectDependencies) = postProject
		{2D5ECC10-F947-3CA2-A462-4A0909846F27} = {2D5ECC10-F947-3CA2-A462-4A0909846F27}
	EndProjectSection
EndProject
Project("{8BC9CEB8-8B4A-11D0-8D11-00A0C91BC942}") = "ZERO_CHECK", "ZERO_CHECK.vcxproj", "{2D5ECC10-F947-3CA2-A462-4A0909846F27}"
	ProjectSection(ProjectDependencies) = postProject
	EndProjectSection
EndProject
Project("{8BC9CEB8-8B4A-11D0-8D11-00A0C91BC942}") = "cleanall", "cleanall.vcxproj", "{431E5589-07B3-3761-8175-118C03E08029}"
	ProjectSection(ProjectDependencies) = postProject
		{2D5ECC10-F947-3CA2-A462-4A0909846F27} = {2D5ECC10-F947-3CA2-A462-4A0909846F27}
	EndProjectSection
EndProject
Project("{8BC9CEB8-8B4A-11D0-8D11-00A0C91BC942}") = "compile", "compile.vcxproj", "{2BFF72CC-572E-3F63-A893-17702751B7FB}"
	ProjectSection(ProjectDependencies) = postProject
		{56A062A1-FEAC-334C-A7FE-26EDC64A6904} = {56A062A1-FEAC-334C-A7FE-26EDC64A6904}
		{EF38F4EE-7B41-3CDB-AF3B-7A492ADA1CC4} = {EF38F4EE-7B41-3CDB-AF3B-7A492ADA1CC4}
		{2D5ECC10-F947-3CA2-A462-4A0909846F27} = {2D5ECC10-F947-3CA2-A462-4A0909846F27}
	EndProjectSection
EndProject
Project("{8BC9CEB8-8B4A-11D0-8D11-00A0C91BC942}") = "generate", "generate.vcxproj", "{129DE24A-0EDB-37EA-B6BB-537F661BDA50}"
	ProjectSection(ProjectDependencies) = postProject
		{2D5ECC10-F947-3CA2-A462-4A0909846F27} = {2D5ECC10-F947-3CA2-A462-4A0909846F27}
		{431E5589-07B3-3761-8175-118C03E08029} = {431E5589-07B3-3761-8175-118C03E08029}
	EndProjectSection
EndProject
Project("{8BC9CEB8-8B4A-11D0-8D11-00A0C91BC942}") = "target", "target.vcxproj", "{C2197C09-1173-38D7-AC18-4969067CEA7B}"
	ProjectSection(ProjectDependencies) = postProject
		{56A062A1-FEAC-334C-A7FE-26EDC64A6904} = {56A062A1-FEAC-334C-A7FE-26EDC64A6904}
		{EF38F4EE-7B41-3CDB-AF3B-7A492ADA1CC4} = {EF38F4EE-7B41-3CDB-AF3B-7A492ADA1CC4}
		{2D5ECC10-F947-3CA2-A462-4A0909846F27} = {2D5ECC10-F947-3CA2-A462-4A0909846F27}
		{129DE24A-0EDB-37EA-B6BB-537F661BDA50} = {129DE24A-0EDB-37EA-B6BB-537F661BDA50}
	EndProjectSection
EndProject
Global
	GlobalSection(SolutionConfigurationPlatforms) = preSolution
		Debug|x64 = Debug|x64
		Release|x64 = Release|x64
		MinSizeRel|x64 = MinSizeRel|x64
		RelWithDebInfo|x64 = RelWithDebInfo|x64
	EndGlobalSection
	GlobalSection(ProjectConfigurationPlatforms) = postSolution
		{C4C3E025-D0A9-3BA0-B203-BE995D5B1A8E}.Debug|x64.ActiveCfg = Debug|x64
		{C4C3E025-D0A9-3BA0-B203-BE995D5B1A8E}.Release|x64.ActiveCfg = Release|x64
		{C4C3E025-D0A9-3BA0-B203-BE995D5B1A8E}.MinSizeRel|x64.ActiveCfg = MinSizeRel|x64
		{C4C3E025-D0A9-3BA0-B203-BE995D5B1A8E}.RelWithDebInfo|x64.ActiveCfg = RelWithDebInfo|x64
		{56A062A1-FEAC-334C-A7FE-26EDC64A6904}.Debug|x64.ActiveCfg = Debug|x64
		{56A062A1-FEAC-334C-A7FE-26EDC64A6904}.Debug|x64.Build.0 = Debug|x64
		{56A062A1-FEAC-334C-A7FE-26EDC64A6904}.Release|x64.ActiveCfg = Release|x64
		{56A062A1-FEAC-334C-A7FE-26EDC64A6904}.Release|x64.Build.0 = Release|x64
		{56A062A1-FEAC-334C-A7FE-26EDC64A6904}.MinSizeRel|x64.ActiveCfg = MinSizeRel|x64
		{56A062A1-FEAC-334C-A7FE-26EDC64A6904}.MinSizeRel|x64.Build.0 = MinSizeRel|x64
		{56A062A1-FEAC-334C-A7FE-26EDC64A6904}.RelWithDebInfo|x64.ActiveCfg = RelWithDebInfo|x64
		{56A062A1-FEAC-334C-A7FE-26EDC64A6904}.RelWithDebInfo|x64.Build.0 = RelWithDebInfo|x64
		{EF38F4EE-7B41-3CDB-AF3B-7A492ADA1CC4}.Debug|x64.ActiveCfg = Debug|x64
		{EF38F4EE-7B41-3CDB-AF3B-7A492ADA1CC4}.Debug|x64.Build.0 = Debug|x64
		{EF38F4EE-7B41-3CDB-AF3B-7A492ADA1CC4}.Release|x64.ActiveCfg = Release|x64
		{EF38F4EE-7B41-3CDB-AF3B-7A492ADA1CC4}.Release|x64.Build.0 = Release|x64
		{EF38F4EE-7B41-3CDB-AF3B-7A492ADA1CC4}.MinSizeRel|x64.ActiveCfg = MinSizeRel|x64
		{EF38F4EE-7B41-3CDB-AF3B-7A492ADA1CC4}.MinSizeRel|x64.Build.0 = MinSizeRel|x64
		{EF38F4EE-7B41-3CDB-AF3B-7A492ADA1CC4}.RelWithDebInfo|x64.ActiveCfg = RelWithDebInfo|x64
		{EF38F4EE-7B41-3CDB-AF3B-7A492ADA1CC4}.RelWithDebInfo|x64.Build.0 = RelWithDebInfo|x64
		{0A8DD341-CE8C-3909-BD85-6C1B43E0C945}.Debug|x64.ActiveCfg = Debug|x64
		{0A8DD341-CE8C-3909-BD85-6C1B43E0C945}.Debug|x64.Build.0 = Debug|x64
		{0A8DD341-CE8C-3909-BD85-6C1B43E0C945}.Release|x64.ActiveCfg = Release|x64
		{0A8DD341-CE8C-3909-BD85-6C1B43E0C945}.Release|x64.Build.0 = Release|x64
		{0A8DD341-CE8C-3909-BD85-6C1B43E0C945}.MinSizeRel|x64.ActiveCfg = MinSizeRel|x64
		{0A8DD341-CE8C-3909-BD85-6C1B43E0C945}.MinSizeRel|x64.Build.0 = MinSizeRel|x64
		{0A8DD341-CE8C-3909-BD85-6C1B43E0C945}.RelWithDebInfo|x64.ActiveCfg = RelWithDebInfo|x64
		{0A8DD341-CE8C-3909-BD85-6C1B43E0C945}.RelWithDebInfo|x64.Build.0 = RelWithDebInfo|x64
		{2D5ECC10-F947-3CA2-A462-4A0909846F27}.Debug|x64.ActiveCfg = Debug|x64
		{2D5ECC10-F947-3CA2-A462-4A0909846F27}.Debug|x64.Build.0 = Debug|x64
		{2D5ECC10-F947-3CA2-A462-4A0909846F27}.Release|x64.ActiveCfg = Release|x64
		{2D5ECC10-F947-3CA2-A462-4A0909846F27}.Release|x64.Build.0 = Release|x64
		{2D5ECC10-F947-3CA2-A462-4A0909846F27}.MinSizeRel|x64.ActiveCfg = MinSizeRel|x64
		{2D5ECC10-F947-3CA2-A462-4A0909846F27}.MinSizeRel|x64.Build.0 = MinSizeRel|x64
		{2D5ECC10-F947-3CA2-A462-4A0909846F27}.RelWithDebInfo|x64.ActiveCfg = RelWithDebInfo|x64
		{2D5ECC10-F947-3CA2-A462-4A0909846F27}.RelWithDebInfo|x64.Build.0 = RelWithDebInfo|x64
		{431E5589-07B3-3761-8175-118C03E08029}.Debug|x64.ActiveCfg = Debug|x64
		{431E5589-07B3-3761-8175-118C03E08029}.Debug|x64.Build.0 = Debug|x64
		{431E5589-07B3-3761-8175-118C03E08029}.Release|x64.ActiveCfg = Release|x64
		{431E5589-07B3-3761-8175-118C03E08029}.Release|x64.Build.0 = Release|x64
		{431E5589-07B3-3761-8175-118C03E08029}.MinSizeRel|x64.ActiveCfg = MinSizeRel|x64
		{431E5589-07B3-3761-8175-118C03E08029}.MinSizeRel|x64.Build.0 = MinSizeRel|x64
		{431E5589-07B3-3761-8175-118C03E08029}.RelWithDebInfo|x64.ActiveCfg = RelWithDebInfo|x64
		{431E5589-07B3-3761-8175-118C03E08029}.RelWithDebInfo|x64.Build.0 = RelWithDebInfo|x64
		{2BFF72CC-572E-3F63-A893-17702751B7FB}.Debug|x64.ActiveCfg = Debug|x64
		{2BFF72CC-572E-3F63-A893-17702751B7FB}.Release|x64.ActiveCfg = Release|x64
		{2BFF72CC-572E-3F63-A893-17702751B7FB}.MinSizeRel|x64.ActiveCfg = MinSizeRel|x64
		{2BFF72CC-572E-3F63-A893-17702751B7FB}.RelWithDebInfo|x64.ActiveCfg = RelWithDebInfo|x64
		{129DE24A-0EDB-37EA-B6BB-537F661BDA50}.Debug|x64.ActiveCfg = Debug|x64
		{129DE24A-0EDB-37EA-B6BB-537F661BDA50}.Debug|x64.Build.0 = Debug|x64
		{129DE24A-0EDB-37EA-B6BB-537F661BDA50}.Release|x64.ActiveCfg = Release|x64
		{129DE24A-0EDB-37EA-B6BB-537F661BDA50}.Release|x64.Build.0 = Release|x64
		{129DE24A-0EDB-37EA-B6BB-537F661BDA50}.MinSizeRel|x64.ActiveCfg = MinSizeRel|x64
		{129DE24A-0EDB-37EA-B6BB-537F661BDA50}.MinSizeRel|x64.Build.0 = MinSizeRel|x64
		{129DE24A-0EDB-37EA-B6BB-537F661BDA50}.RelWithDebInfo|x64.ActiveCfg = RelWithDebInfo|x64
		{129DE24A-0EDB-37EA-B6BB-537F661BDA50}.RelWithDebInfo|x64.Build.0 = RelWithDebInfo|x64
		{C2197C09-1173-38D7-AC18-4969067CEA7B}.Debug|x64.ActiveCfg = Debug|x64
		{C2197C09-1173-38D7-AC18-4969067CEA7B}.Release|x64.ActiveCfg = Release|x64
		{C2197C09-1173-38D7-AC18-4969067CEA7B}.MinSizeRel|x64.ActiveCfg = MinSizeRel|x64
		{C2197C09-1173-38D7-AC18-4969067CEA7B}.RelWithDebInfo|x64.ActiveCfg = RelWithDebInfo|x64
	EndGlobalSection
	GlobalSection(ExtensibilityGlobals) = postSolution
	EndGlobalSection
	GlobalSection(ExtensibilityAddIns) = postSolution
	EndGlobalSection
EndGlobal
